
Microsoft Visual Studio Solution File, Format Version 12.00
# Visual Studio Version 17
VisualStudioVersion = 17.0.31903.59
MinimumVisualStudioVersion = 10.0.40219.1
Project("{9A19103F-16F7-4668-BE54-9A1E7A4F7556}") = "MWeb", "MWeb\MWeb.csproj", "{69AD86E2-1E92-40B8-B0D1-5792F3AC4C1B}"
EndProject
Project("{2150E333-8FDC-42A3-9474-1A3956D46DE8}") = "Console", "Console", "{AB7090FC-3840-48C7-B547-9F3CF3FA58BE}"
EndProject
Project("{9A19103F-16F7-4668-BE54-9A1E7A4F7556}") = "MConsole", "MConsole\MConsole.csproj", "{E230101C-C5E8-4FAF-A40F-F24765224C2B}"
EndProject
Project("{2150E333-8FDC-42A3-9474-1A3956D46DE8}") = "Web", "Web", "{1235FBBD-0CC7-44D2-ABA6-68EF6FED48CC}"
EndProject
Project("{9A19103F-16F7-4668-BE54-9A1E7A4F7556}") = "WConsole", "WConsole\WConsole.csproj", "{ED0BA8F9-F043-42BC-8104-5AB29838A42E}"
EndProject
Project("{9A19103F-16F7-4668-BE54-9A1E7A4F7556}") = "WConsole.DAL", "WConsole.DAL\WConsole.DAL.csproj", "{4C477742-7088-4562-8568-C1FB56BC8380}"
EndProject
Project("{9A19103F-16F7-4668-BE54-9A1E7A4F7556}") = "WConsole.Model", "WConsole.Model\WConsole.Model.csproj", "{D7B4D492-DAFB-4435-A681-B0D5F7451D5E}"
EndProject
Project("{9A19103F-16F7-4668-BE54-9A1E7A4F7556}") = "WConsole.Config", "WConsole.Config\WConsole.Config.csproj", "{5CC29415-7E90-4E3C-9585-DA3DCD0DB10B}"
EndProject
Project("{2150E333-8FDC-42A3-9474-1A3956D46DE8}") = "HY_APP", "HY_APP", "{FDA5B0C7-0D47-4BCA-93EF-B7AA13235599}"
EndProject
Project("{9A19103F-16F7-4668-BE54-9A1E7A4F7556}") = "HY_Console", "HY_Console\HY_Console.csproj", "{47E330C6-F1BE-4F3D-A4BD-AA02EC74765C}"
EndProject
Project("{9A19103F-16F7-4668-BE54-9A1E7A4F7556}") = "HY_Attribute", "HY_Attribute\HY_Attribute.csproj", "{72D275EA-8AC1-4A5A-A631-F95C7AC7FBC8}"
EndProject
Project("{2150E333-8FDC-42A3-9474-1A3956D46DE8}") = "WinForm", "WinForm", "{DF6910C1-0807-4A9D-95BB-1F6AE1BC199B}"
EndProject
Project("{FAE04EC0-301F-11D3-BF4B-00C04F79EFBC}") = "UManager", "WindowsFormsApp1\UManager.csproj", "{9919DF82-57A1-42A1-959E-F145A20AB38A}"
EndProject
Project("{FAE04EC0-301F-11D3-BF4B-00C04F79EFBC}") = "WinForm.Models", "WinForm.Models\WinForm.Models.csproj", "{857DC890-CFEF-4410-BCA8-E7031954165C}"
EndProject
Project("{FAE04EC0-301F-11D3-BF4B-00C04F79EFBC}") = "WinForm.Utility", "WinForm.Utility\WinForm.Utility.csproj", "{D55A9355-8DE4-4537-BB50-ECCA5CAAD3AF}"
EndProject
Global
	GlobalSection(SolutionConfigurationPlatforms) = preSolution
		Debug|Any CPU = Debug|Any CPU
		Release|Any CPU = Release|Any CPU
	EndGlobalSection
	GlobalSection(ProjectConfigurationPlatforms) = postSolution
		{69AD86E2-1E92-40B8-B0D1-5792F3AC4C1B}.Debug|Any CPU.ActiveCfg = Debug|Any CPU
		{69AD86E2-1E92-40B8-B0D1-5792F3AC4C1B}.Debug|Any CPU.Build.0 = Debug|Any CPU
		{69AD86E2-1E92-40B8-B0D1-5792F3AC4C1B}.Release|Any CPU.ActiveCfg = Release|Any CPU
		{69AD86E2-1E92-40B8-B0D1-5792F3AC4C1B}.Release|Any CPU.Build.0 = Release|Any CPU
		{E230101C-C5E8-4FAF-A40F-F24765224C2B}.Debug|Any CPU.ActiveCfg = Debug|Any CPU
		{E230101C-C5E8-4FAF-A40F-F24765224C2B}.Debug|Any CPU.Build.0 = Debug|Any CPU
		{E230101C-C5E8-4FAF-A40F-F24765224C2B}.Release|Any CPU.ActiveCfg = Release|Any CPU
		{E230101C-C5E8-4FAF-A40F-F24765224C2B}.Release|Any CPU.Build.0 = Release|Any CPU
		{ED0BA8F9-F043-42BC-8104-5AB29838A42E}.Debug|Any CPU.ActiveCfg = Debug|Any CPU
		{ED0BA8F9-F043-42BC-8104-5AB29838A42E}.Debug|Any CPU.Build.0 = Debug|Any CPU
		{ED0BA8F9-F043-42BC-8104-5AB29838A42E}.Release|Any CPU.ActiveCfg = Release|Any CPU
		{ED0BA8F9-F043-42BC-8104-5AB29838A42E}.Release|Any CPU.Build.0 = Release|Any CPU
		{4C477742-7088-4562-8568-C1FB56BC8380}.Debug|Any CPU.ActiveCfg = Debug|Any CPU
		{4C477742-7088-4562-8568-C1FB56BC8380}.Debug|Any CPU.Build.0 = Debug|Any CPU
		{4C477742-7088-4562-8568-C1FB56BC8380}.Release|Any CPU.ActiveCfg = Release|Any CPU
		{4C477742-7088-4562-8568-C1FB56BC8380}.Release|Any CPU.Build.0 = Release|Any CPU
		{D7B4D492-DAFB-4435-A681-B0D5F7451D5E}.Debug|Any CPU.ActiveCfg = Debug|Any CPU
		{D7B4D492-DAFB-4435-A681-B0D5F7451D5E}.Debug|Any CPU.Build.0 = Debug|Any CPU
		{D7B4D492-DAFB-4435-A681-B0D5F7451D5E}.Release|Any CPU.ActiveCfg = Release|Any CPU
		{D7B4D492-DAFB-4435-A681-B0D5F7451D5E}.Release|Any CPU.Build.0 = Release|Any CPU
		{5CC29415-7E90-4E3C-9585-DA3DCD0DB10B}.Debug|Any CPU.ActiveCfg = Debug|Any CPU
		{5CC29415-7E90-4E3C-9585-DA3DCD0DB10B}.Debug|Any CPU.Build.0 = Debug|Any CPU
		{5CC29415-7E90-4E3C-9585-DA3DCD0DB10B}.Release|Any CPU.ActiveCfg = Release|Any CPU
		{5CC29415-7E90-4E3C-9585-DA3DCD0DB10B}.Release|Any CPU.Build.0 = Release|Any CPU
		{47E330C6-F1BE-4F3D-A4BD-AA02EC74765C}.Debug|Any CPU.ActiveCfg = Debug|Any CPU
		{47E330C6-F1BE-4F3D-A4BD-AA02EC74765C}.Debug|Any CPU.Build.0 = Debug|Any CPU
		{47E330C6-F1BE-4F3D-A4BD-AA02EC74765C}.Release|Any CPU.ActiveCfg = Release|Any CPU
		{47E330C6-F1BE-4F3D-A4BD-AA02EC74765C}.Release|Any CPU.Build.0 = Release|Any CPU
		{72D275EA-8AC1-4A5A-A631-F95C7AC7FBC8}.Debug|Any CPU.ActiveCfg = Debug|Any CPU
		{72D275EA-8AC1-4A5A-A631-F95C7AC7FBC8}.Debug|Any CPU.Build.0 = Debug|Any CPU
		{72D275EA-8AC1-4A5A-A631-F95C7AC7FBC8}.Release|Any CPU.ActiveCfg = Release|Any CPU
		{72D275EA-8AC1-4A5A-A631-F95C7AC7FBC8}.Release|Any CPU.Build.0 = Release|Any CPU
		{9919DF82-57A1-42A1-959E-F145A20AB38A}.Debug|Any CPU.ActiveCfg = Debug|Any CPU
		{9919DF82-57A1-42A1-959E-F145A20AB38A}.Debug|Any CPU.Build.0 = Debug|Any CPU
		{9919DF82-57A1-42A1-959E-F145A20AB38A}.Release|Any CPU.ActiveCfg = Release|Any CPU
		{9919DF82-57A1-42A1-959E-F145A20AB38A}.Release|Any CPU.Build.0 = Release|Any CPU
		{857DC890-CFEF-4410-BCA8-E7031954165C}.Debug|Any CPU.ActiveCfg = Debug|Any CPU
		{857DC890-CFEF-4410-BCA8-E7031954165C}.Debug|Any CPU.Build.0 = Debug|Any CPU
		{857DC890-CFEF-4410-BCA8-E7031954165C}.Release|Any CPU.ActiveCfg = Release|Any CPU
		{857DC890-CFEF-4410-BCA8-E7031954165C}.Release|Any CPU.Build.0 = Release|Any CPU
		{D55A9355-8DE4-4537-BB50-ECCA5CAAD3AF}.Debug|Any CPU.ActiveCfg = Debug|Any CPU
		{D55A9355-8DE4-4537-BB50-ECCA5CAAD3AF}.Debug|Any CPU.Build.0 = Debug|Any CPU
		{D55A9355-8DE4-4537-BB50-ECCA5CAAD3AF}.Release|Any CPU.ActiveCfg = Release|Any CPU
		{D55A9355-8DE4-4537-BB50-ECCA5CAAD3AF}.Release|Any CPU.Build.0 = Release|Any CPU
	EndGlobalSection
	GlobalSection(SolutionProperties) = preSolution
		HideSolutionNode = FALSE
	EndGlobalSection
	GlobalSection(NestedProjects) = preSolution
		{69AD86E2-1E92-40B8-B0D1-5792F3AC4C1B} = {1235FBBD-0CC7-44D2-ABA6-68EF6FED48CC}
		{E230101C-C5E8-4FAF-A40F-F24765224C2B} = {AB7090FC-3840-48C7-B547-9F3CF3FA58BE}
		{ED0BA8F9-F043-42BC-8104-5AB29838A42E} = {AB7090FC-3840-48C7-B547-9F3CF3FA58BE}
		{4C477742-7088-4562-8568-C1FB56BC8380} = {AB7090FC-3840-48C7-B547-9F3CF3FA58BE}
		{D7B4D492-DAFB-4435-A681-B0D5F7451D5E} = {AB7090FC-3840-48C7-B547-9F3CF3FA58BE}
		{5CC29415-7E90-4E3C-9585-DA3DCD0DB10B} = {AB7090FC-3840-48C7-B547-9F3CF3FA58BE}
		{47E330C6-F1BE-4F3D-A4BD-AA02EC74765C} = {FDA5B0C7-0D47-4BCA-93EF-B7AA13235599}
		{72D275EA-8AC1-4A5A-A631-F95C7AC7FBC8} = {FDA5B0C7-0D47-4BCA-93EF-B7AA13235599}
		{9919DF82-57A1-42A1-959E-F145A20AB38A} = {DF6910C1-0807-4A9D-95BB-1F6AE1BC199B}
		{857DC890-CFEF-4410-BCA8-E7031954165C} = {DF6910C1-0807-4A9D-95BB-1F6AE1BC199B}
		{D55A9355-8DE4-4537-BB50-ECCA5CAAD3AF} = {DF6910C1-0807-4A9D-95BB-1F6AE1BC199B}
	EndGlobalSection
	GlobalSection(ExtensibilityGlobals) = postSolution
		SolutionGuid = {EB41CD44-1563-4487-8F0C-3C1B7778634A}
	EndGlobalSection
EndGlobal
